
Microsoft Visual Studio Solution File, Format Version 12.00
# Visual Studio Version 16
VisualStudioVersion = 16.0.31410.357
MinimumVisualStudioVersion = 10.0.40219.1
Project("{FAE04EC0-301F-11D3-BF4B-00C04F79EFBC}") = "Aes256CbcEncrypterApp", "Aes256CbcEncrypterApp\Aes256CbcEncrypterApp.csproj", "{BEB26DF2-CA8B-4E40-BBBC-A016FB4DDC62}"
EndProject
Global
	GlobalSection(SolutionConfigurationPlatforms) = preSolution
		Debug|Any CPU = Debug|Any CPU
		Release|Any CPU = Release|Any CPU
	EndGlobalSection
	GlobalSection(ProjectConfigurationPlatforms) = postSolution
		{BEB26DF2-CA8B-4E40-BBBC-A016FB4DDC62}.Debug|Any CPU.ActiveCfg = Debug|Any CPU
		{BEB26DF2-CA8B-4E40-BBBC-A016FB4DDC62}.Debug|Any CPU.Build.0 = Debug|Any CPU
		{BEB26DF2-CA8B-4E40-BBBC-A016FB4DDC62}.Release|Any CPU.ActiveCfg = Release|Any CPU
		{BEB26DF2-CA8B-4E40-BBBC-A016FB4DDC62}.Release|Any CPU.Build.0 = Release|Any CPU
	EndGlobalSection
	GlobalSection(SolutionProperties) = preSolution
		HideSolutionNode = FALSE
	EndGlobalSection
	GlobalSection(ExtensibilityGlobals) = postSolution
		SolutionGuid = {7FF30498-07DB-4ADE-9DE7-011702AE0F94}
	EndGlobalSection
EndGlobal
